
Microsoft Visual Studio Solution File, Format Version 12.00
# Visual Studio Version 16
VisualStudioVersion = 16.0.31702.278
MinimumVisualStudioVersion = 10.0.40219.1
Project("{FAE04EC0-301F-11D3-BF4B-00C04F79EFBC}") = "dZ15intarface", "dZ15intarface\dZ15intarface.csproj", "{B43E0875-48CC-4808-8E5C-67FA1F93031C}"
EndProject
Global
	GlobalSection(SolutionConfigurationPlatforms) = preSolution
		Debug|Any CPU = Debug|Any CPU
		Release|Any CPU = Release|Any CPU
	EndGlobalSection
	GlobalSection(ProjectConfigurationPlatforms) = postSolution
		{B43E0875-48CC-4808-8E5C-67FA1F93031C}.Debug|Any CPU.ActiveCfg = Debug|Any CPU
		{B43E0875-48CC-4808-8E5C-67FA1F93031C}.Debug|Any CPU.Build.0 = Debug|Any CPU
		{B43E0875-48CC-4808-8E5C-67FA1F93031C}.Release|Any CPU.ActiveCfg = Release|Any CPU
		{B43E0875-48CC-4808-8E5C-67FA1F93031C}.Release|Any CPU.Build.0 = Release|Any CPU
	EndGlobalSection
	GlobalSection(SolutionProperties) = preSolution
		HideSolutionNode = FALSE
	EndGlobalSection
	GlobalSection(ExtensibilityGlobals) = postSolution
		SolutionGuid = {5A8AAF62-DAF0-448B-BC9E-3723BF2DC6DD}
	EndGlobalSection
EndGlobal
